
Microsoft Visual Studio Solution File, Format Version 12.00
# Visual Studio Version 16
VisualStudioVersion = 16.0.29424.173
MinimumVisualStudioVersion = 10.0.40219.1
Project("{FAE04EC0-301F-11D3-BF4B-00C04F79EFBC}") = "LifeChart", "LifeChart.csproj", "{F323737F-BEAA-49CA-9D77-DCC539DDFB41}"
EndProject
Global
	GlobalSection(SolutionConfigurationPlatforms) = preSolution
		Debug|Any CPU = Debug|Any CPU
		Release|Any CPU = Release|Any CPU
	EndGlobalSection
	GlobalSection(ProjectConfigurationPlatforms) = postSolution
		{F323737F-BEAA-49CA-9D77-DCC539DDFB41}.Debug|Any CPU.ActiveCfg = Debug|Any CPU
		{F323737F-BEAA-49CA-9D77-DCC539DDFB41}.Debug|Any CPU.Build.0 = Debug|Any CPU
		{F323737F-BEAA-49CA-9D77-DCC539DDFB41}.Release|Any CPU.ActiveCfg = Release|Any CPU
		{F323737F-BEAA-49CA-9D77-DCC539DDFB41}.Release|Any CPU.Build.0 = Release|Any CPU
	EndGlobalSection
	GlobalSection(SolutionProperties) = preSolution
		HideSolutionNode = FALSE
	EndGlobalSection
	GlobalSection(ExtensibilityGlobals) = postSolution
		SolutionGuid = {5BCC001B-643A-4F76-A4C0-E50E8CA16AA4}
	EndGlobalSection
EndGlobal
